
Microsoft Visual Studio Solution File, Format Version 12.00
# Visual Studio 2012
Project("{FAE04EC0-301F-11D3-BF4B-00C04F79EFBC}") = "RVMS.Web", "RVMS.Web\RVMS.Web.csproj", "{460CCCAC-8D9D-44FF-A28A-F5B2CBBA2214}"
EndProject
Project("{FAE04EC0-301F-11D3-BF4B-00C04F79EFBC}") = "RVMS.Model", "RVMS.Model\RVMS.Model.csproj", "{3EA33751-90F9-40C4-A1CF-01F66113D940}"
EndProject
Global
	GlobalSection(SolutionConfigurationPlatforms) = preSolution
		Debug|Any CPU = Debug|Any CPU
		Release|Any CPU = Release|Any CPU
	EndGlobalSection
	GlobalSection(ProjectConfigurationPlatforms) = postSolution
		{460CCCAC-8D9D-44FF-A28A-F5B2CBBA2214}.Debug|Any CPU.ActiveCfg = Debug|Any CPU
		{460CCCAC-8D9D-44FF-A28A-F5B2CBBA2214}.Debug|Any CPU.Build.0 = Debug|Any CPU
		{460CCCAC-8D9D-44FF-A28A-F5B2CBBA2214}.Debug|Any CPU.Deploy.0 = Debug|Any CPU
		{460CCCAC-8D9D-44FF-A28A-F5B2CBBA2214}.Release|Any CPU.ActiveCfg = Release|Any CPU
		{460CCCAC-8D9D-44FF-A28A-F5B2CBBA2214}.Release|Any CPU.Build.0 = Release|Any CPU
		{3EA33751-90F9-40C4-A1CF-01F66113D940}.Debug|Any CPU.ActiveCfg = Debug|Any CPU
		{3EA33751-90F9-40C4-A1CF-01F66113D940}.Debug|Any CPU.Build.0 = Debug|Any CPU
		{3EA33751-90F9-40C4-A1CF-01F66113D940}.Debug|Any CPU.Deploy.0 = Debug|Any CPU
		{3EA33751-90F9-40C4-A1CF-01F66113D940}.Release|Any CPU.ActiveCfg = Release|Any CPU
		{3EA33751-90F9-40C4-A1CF-01F66113D940}.Release|Any CPU.Build.0 = Release|Any CPU
	EndGlobalSection
	GlobalSection(SolutionProperties) = preSolution
		HideSolutionNode = FALSE
	EndGlobalSection
EndGlobal
